PODS:
  - Alamofire (4.3.0)
  - Bolts (1.8.4):
    - Bolts/AppLinks (= 1.8.4)
    - Bolts/Tasks (= 1.8.4)
  - Bolts/AppLinks (1.8.4):
    - Bolts/Tasks
  - Bolts/Tasks (1.8.4)
  - FBSDKCoreKit (4.19.0):
    - Bolts (~> 1.7)
  - FBSDKLoginKit (4.19.0):
    - FBSDKCoreKit
  - FBSDKShareKit (4.19.0):
    - FBSDKCoreKit
  - Stripe (9.3.0)
  - SwiftyJSON (2.3.2)

DEPENDENCIES:
  - Alamofire (from `https://github.com/Alamofire/Alamofire.git`)
  - FBSDKCoreKit
  - FBSDKLoginKit
  - FBSDKShareKit
  - Stripe
  - SwiftyJSON (from `https://github.com/BaiduHiDeviOS/SwiftyJSON.git`, branch `swift3`)

EXTERNAL SOURCES:
  Alamofire:
    :git: https://github.com/Alamofire/Alamofire.git
  SwiftyJSON:
    :branch: swift3
    :git: https://github.com/BaiduHiDeviOS/SwiftyJSON.git

CHECKOUT OPTIONS:
  Alamofire:
    :commit: fa3c6d09b603f417c7788adb51ca0cade75b3d67
    :git: https://github.com/Alamofire/Alamofire.git
  SwiftyJSON:
    :commit: de5dc3b1b421805769590d331178551bbb0e5733
    :git: https://github.com/BaiduHiDeviOS/SwiftyJSON.git

SPEC CHECKSUMS:
  Alamofire: 1f72088aff8f6b40828dadd61be2e9a31beca01e
  Bolts: 8a7995239dbe724f9cba2248b766d48b7ebdd322
  FBSDKCoreKit: 894b2b6eda6a4c8c4204e92e59cc355709ef045c
  FBSDKLoginKit: 83ca4d8f12a2022570af9fd6aacf27f6b425b99f
  FBSDKShareKit: 5953758366278430dc322d5cdc906db361ed7f81
  Stripe: 0f41a33a6fa3ac76ee668d7df3e2680c28b8ab1a
  SwiftyJSON: 6118fb49d7519c4d31a0c1f3d5af936e9047b556

PODFILE CHECKSUM: 96eefe8d39d926dfc9e5cf62e6b30c1ef73cc2d7

COCOAPODS: 1.2.0
